// !$*UTF8*$!
{
	archiveVersion = 1;
	classes = {
	};
	objectVersion = 50;
	objects = {

/* Begin PBXBuildFile section */
		39F399942109717E0028BC8D /* AppDelegate.swift in Sources */ = {isa = PBXBuildFile; fileRef = 39F399932109717E0028BC8D /* AppDelegate.swift */; };
		39F399962109717E0028BC8D /* ViewController.swift in Sources */ = {isa = PBXBuildFile; fileRef = 39F399952109717E0028BC8D /* ViewController.swift */; };
		39F399992109717E0028BC8D /* Main.storyboard in Resources */ = {isa = PBXBuildFile; fileRef = 39F399972109717E0028BC8D /* Main.storyboard */; };
		39F3999B210971810028BC8D /* Assets.xcassets in Resources */ = {isa = PBXBuildFile; fileRef = 39F3999A210971810028BC8D /* Assets.xcassets */; };
		39F3999E210971810028BC8D /* LaunchScreen.storyboard in Resources */ = {isa = PBXBuildFile; fileRef = 39F3999C210971810028BC8D /* LaunchScreen.storyboard */; };
		39F399A9210971820028BC8D /* Timer_AppTests.swift in Sources */ = {isa = PBXBuildFile; fileRef = 39F399A8210971820028BC8D /* Timer_AppTests.swift */; };
/* End PBXBuildFile section */

/* Begin PBXContainerItemProxy section */
		39F399A5210971820028BC8D /* PBXContainerItemProxy */ = {
			isa = PBXContainerItemProxy;
			containerPortal = 39F399882109717E0028BC8D /* Project object */;
			proxyType = 1;
			remoteGlobalIDString = 39F3998F2109717E0028BC8D;
			remoteInfo = "Timer App";
		};
/* End PBXContainerItemProxy section */

/* Begin PBXFileReference section */
		39F399902109717E0028BC8D /* Timer App.app */ = {isa = PBXFileReference; explicitFileType = wrapper.application; includeInIndex = 0; path = "Timer App.app"; sourceTree = BUILT_PRODUCTS_DIR; };
		39F399932109717E0028BC8D /* AppDelegate.swift */ = {isa = PBXFileReference; lastKnownFileType = sourcecode.swift; path = AppDelegate.swift; sourceTree = "<group>"; };
		39F399952109717E0028BC8D /* ViewController.swift */ = {isa = PBXFileReference; lastKnownFileType = sourcecode.swift; path = ViewController.swift; sourceTree = "<group>"; };
		39F399982109717E0028BC8D /* Base */ = {isa = PBXFileReference; lastKnownFileType = file.storyboard; name = Base; path = Base.lproj/Main.storyboard; sourceTree = "<group>"; };
		39F3999A210971810028BC8D /* Assets.xcassets */ = {isa = PBXFileReference; lastKnownFileType = folder.assetcatalog; path = Assets.xcassets; sourceTree = "<group>"; };
		39F3999D210971810028BC8D /* Base */ = {isa = PBXFileReference; lastKnownFileType = file.storyboard; name = Base; path = Base.lproj/LaunchScreen.storyboard; sourceTree = "<group>"; };
		39F3999F210971810028BC8D /* Info.plist */ = {isa = PBXFileReference; lastKnownFileType = text.plist.xml; path = Info.plist; sourceTree = "<group>"; };
		39F399A4210971820028BC8D /* Timer AppTests.xctest */ = {isa = PBXFileReference; explicitFileType = wrapper.cfbundle; includeInIndex = 0; path = "Timer AppTests.xctest"; sourceTree = BUILT_PRODUCTS_DIR; };
		39F399A8210971820028BC8D /* Timer_AppTests.swift */ = {isa = PBXFileReference; lastKnownFileType = sourcecode.swift; path = Timer_AppTests.swift; sourceTree = "<group>"; };
		39F399AA210971820028BC8D /* Info.plist */ = {isa = PBXFileReference; lastKnownFileType = text.plist.xml; path = Info.plist; sourceTree = "<group>"; };
/* End PBXFileReference section */

/* Begin PBXFrameworksBuildPhase section */
		39F3998D2109717E0028BC8D /* Frameworks */ = {
			isa = PBXFrameworksBuildPhase;
			buildActionMask = 2147483647;
			files = (
			);
			runOnlyForDeploymentPostprocessing = 0;
		};
		39F399A1210971820028BC8D /* Frameworks */ = {
			isa = PBXFrameworksBuildPhase;
			buildActionMask = 2147483647;
			files = (
			);
			runOnlyForDeploymentPostprocessing = 0;
		};
/* End PBXFrameworksBuildPhase section */

/* Begin PBXGroup section */
		39F399872109717E0028BC8D = {
			isa = PBXGroup;
			children = (
				39F399922109717E0028BC8D /* Timer App */,
				39F399A7210971820028BC8D /* Timer AppTests */,
				39F399912109717E0028BC8D /* Products */,
			);
			sourceTree = "<group>";
		};
		39F399912109717E0028BC8D /* Products */ = {
			isa = PBXGroup;
			children = (
				39F399902109717E0028BC8D /* Timer App.app */,
				39F399A4210971820028BC8D /* Timer AppTests.xctest */,
			);
			name = Products;
			sourceTree = "<group>";
		};
		39F399922109717E0028BC8D /* Timer App */ = {
			isa = PBXGroup;
			children = (
				39F399932109717E0028BC8D /* AppDelegate.swift */,
				39F399952109717E0028BC8D /* ViewController.swift */,
				39F399972109717E0028BC8D /* Main.storyboard */,
				39F3999A210971810028BC8D /* Assets.xcassets */,
				39F3999C210971810028BC8D /* LaunchScreen.storyboard */,
				39F3999F210971810028BC8D /* Info.plist */,
			);
			path = "Timer App";
			sourceTree = "<group>";
		};
		39F399A7210971820028BC8D /* Timer AppTests */ = {
			isa = PBXGroup;
			children = (
				39F399A8210971820028BC8D /* Timer_AppTests.swift */,
				39F399AA210971820028BC8D /* Info.plist */,
			);
			path = "Timer AppTests";
			sourceTree = "<group>";
		};
/* End PBXGroup section */

/* Begin PBXNativeTarget section */
		39F3998F2109717E0028BC8D /* Timer App */ = {
			isa = PBXNativeTarget;
			buildConfigurationList = 39F399AD210971820028BC8D /* Build configuration list for PBXNativeTarget "Timer App" */;
			buildPhases = (
				39F3998C2109717E0028BC8D /* Sources */,
				39F3998D2109717E0028BC8D /* Frameworks */,
				39F3998E2109717E0028BC8D /* Resources */,
			);
			buildRules = (
			);
			dependencies = (
			);
			name = "Timer App";
			productName = "Timer App";
			productReference = 39F399902109717E0028BC8D /* Timer App.app */;
			productType = "com.apple.product-type.application";
		};
		39F399A3210971820028BC8D /* Timer AppTests */ = {
			isa = PBXNativeTarget;
			buildConfigurationList = 39F399B0210971820028BC8D /* Build configuration list for PBXNativeTarget "Timer AppTests" */;
			buildPhases = (
				39F399A0210971820028BC8D /* Sources */,
				39F399A1210971820028BC8D /* Frameworks */,
				39F399A2210971820028BC8D /* Resources */,
			);
			buildRules = (
			);
			dependencies = (
				39F399A6210971820028BC8D /* PBXTargetDependency */,
			);
			name = "Timer AppTests";
			productName = "Timer AppTests";
			productReference = 39F399A4210971820028BC8D /* Timer AppTests.xctest */;
			productType = "com.apple.product-type.bundle.unit-test";
		};
/* End PBXNativeTarget section */

/* Begin PBXProject section */
		39F399882109717E0028BC8D /* Project object */ = {
			isa = PBXProject;
			attributes = {
				LastSwiftUpdateCheck = 0940;
				LastUpgradeCheck = 0940;
				ORGANIZATIONNAME = blabblabla;
				TargetAttributes = {
					39F3998F2109717E0028BC8D = {
						CreatedOnToolsVersion = 9.4.1;
						LastSwiftMigration = 1010;
					};
					39F399A3210971820028BC8D = {
						CreatedOnToolsVersion = 9.4.1;
						LastSwiftMigration = 1010;
						TestTargetID = 39F3998F2109717E0028BC8D;
					};
				};
			};
			buildConfigurationList = 39F3998B2109717E0028BC8D /* Build configuration list for PBXProject "Timer App" */;
			compatibilityVersion = "Xcode 9.3";
			developmentRegion = en;
			hasScannedForEncodings = 0;
			knownRegions = (
				en,
				Base,
			);
			mainGroup = 39F399872109717E0028BC8D;
			productRefGroup = 39F399912109717E0028BC8D /* Products */;
			projectDirPath = "";
			projectRoot = "";
			targets = (
				39F3998F2109717E0028BC8D /* Timer App */,
				39F399A3210971820028BC8D /* Timer AppTests */,
			);
		};
/* End PBXProject section */

/* Begin PBXResourcesBuildPhase section */
		39F3998E2109717E0028BC8D /* Resources */ = {
			isa = PBXResourcesBuildPhase;
			buildActionMask = 2147483647;
			files = (
				39F3999E210971810028BC8D /* LaunchScreen.storyboard in Resources */,
				39F3999B210971810028BC8D /* Assets.xcassets in Resources */,
				39F399992109717E0028BC8D /* Main.storyboard in Resources */,
			);
			runOnlyForDeploymentPostprocessing = 0;
		};
		39F399A2210971820028BC8D /* Resources */ = {
			isa = PBXResourcesBuildPhase;
			buildActionMask = 2147483647;
			files = (
			);
			runOnlyForDeploymentPostprocessing = 0;
		};
/* End PBXResourcesBuildPhase section */

/* Begin PBXSourcesBuildPhase section */
		39F3998C2109717E0028BC8D /* Sources */ = {
			isa = PBXSourcesBuildPhase;
			buildActionMask = 2147483647;
			files = (
				39F399962109717E0028BC8D /* ViewController.swift in Sources */,
				39F399942109717E0028BC8D /* AppDelegate.swift in Sources */,
			);
			runOnlyForDeploymentPostprocessing = 0;
		};
		39F399A0210971820028BC8D /* Sources */ = {
			isa = PBXSourcesBuildPhase;
			buildActionMask = 2147483647;
			files = (
				39F399A9210971820028BC8D /* Timer_AppTests.swift in Sources */,
			);
			runOnlyForDeploymentPostprocessing = 0;
		};
/* End PBXSourcesBuildPhase section */

/* Begin PBXTargetDependency section */
		39F399A6210971820028BC8D /* PBXTargetDependency */ = {
			isa = PBXTargetDependency;
			target = 39F3998F2109717E0028BC8D /* Timer App */;
			targetProxy = 39F399A5210971820028BC8D /* PBXContainerItemProxy */;
		};
/* End PBXTargetDependency section */

/* Begin PBXVariantGroup section */
		39F399972109717E0028BC8D /* Main.storyboard */ = {
			isa = PBXVariantGroup;
			children = (
				39F399982109717E0028BC8D /* Base */,
			);
			name = Main.storyboard;
			sourceTree = "<group>";
		};
		39F3999C210971810028BC8D /* LaunchScreen.storyboard */ = {
			isa = PBXVariantGroup;
			children = (
				39F3999D210971810028BC8D /* Base */,
			);
			name = LaunchScreen.storyboard;
			sourceTree = "<group>";
		};
/* End PBXVariantGroup section */

/* Begin XCBuildConfiguration section */
		39F399AB210971820028BC8D /* Debug */ = {
			isa = XCBuildConfiguration;
			buildSettings = {
				ALWAYS_SEARCH_USER_PATHS = NO;
				CLANG_ANALYZER_NONNULL = YES;
				CLANG_ANALYZER_NUMBER_OBJECT_CONVERSION = YES_AGGRESSIVE;
				CLANG_CXX_LANGUAGE_STANDARD = "gnu++14";
				CLANG_CXX_LIBRARY = "libc++";
				CLANG_ENABLE_MODULES = YES;
				CLANG_ENABLE_OBJC_ARC = YES;
				CLANG_ENABLE_OBJC_WEAK = YES;
				CLANG_WARN_BLOCK_CAPTURE_AUTORELEASING = YES;
				CLANG_WARN_BOOL_CONVERSION = YES;
				CLANG_WARN_COMMA = YES;
				CLANG_WARN_CONSTANT_CONVERSION = YES;
				CLANG_WARN_DEPRECATED_OBJC_IMPLEMENTATIONS = YES;
				CLANG_WARN_DIRECT_OBJC_ISA_USAGE = YES_ERROR;
				CLANG_WARN_DOCUMENTATION_COMMENTS = YES;
				CLANG_WARN_EMPTY_BODY = YES;
				CLANG_WARN_ENUM_CONVERSION = YES;
				CLANG_WARN_INFINITE_RECURSION = YES;
				CLANG_WARN_INT_CONVERSION = YES;
				CLANG_WARN_NON_LITERAL_NULL_CONVERSION = YES;
				CLANG_WARN_OBJC_IMPLICIT_RETAIN_SELF = YES;
				CLANG_WARN_OBJC_LITERAL_CONVERSION = YES;
				CLANG_WARN_OBJC_ROOT_CLASS = YES_ERROR;
				CLANG_WARN_RANGE_LOOP_ANALYSIS = YES;
				CLANG_WARN_STRICT_PROTOTYPES = YES;
				CLANG_WARN_SUSPICIOUS_MOVE = YES;
				CLANG_WARN_UNGUARDED_AVAILABILITY = YES_AGGRESSIVE;
				CLANG_WARN_UNREACHABLE_CODE = YES;
				CLANG_WARN__DUPLICATE_METHOD_MATCH = YES;
				CODE_SIGN_IDENTITY = "iPhone Developer";
				COPY_PHASE_STRIP = NO;
				DEBUG_INFORMATION_FORMAT = dwarf;
				ENABLE_STRICT_OBJC_MSGSEND = YES;
				ENABLE_TESTABILITY = YES;
				GCC_C_LANGUAGE_STANDARD = gnu11;
				GCC_DYNAMIC_NO_PIC = NO;
				GCC_NO_COMMON_BLOCKS = YES;
				GCC_OPTIMIZATION_LEVEL = 0;
				GCC_PREPROCESSOR_DEFINITIONS = (
					"DEBUG=1",
					"$(inherited)",
				);
				GCC_WARN_64_TO_32_BIT_CONVERSION = YES;
				GCC_WARN_ABOUT_RETURN_TYPE = YES_ERROR;
				GCC_WARN_UNDECLARED_SELECTOR = YES;
				GCC_WARN_UNINITIALIZED_AUTOS = YES_AGGRESSIVE;
				GCC_WARN_UNUSED_FUNCTION = YES;
				GCC_WARN_UNUSED_VARIABLE = YES;
				IPHONEOS_DEPLOYMENT_TARGET = 11.4;
				MTL_ENABLE_DEBUG_INFO = YES;
				ONLY_ACTIVE_ARCH = YES;
				SDKROOT = iphoneos;
				SWIFT_ACTIVE_COMPILATION_CONDITIONS = DEBUG;
				SWIFT_OPTIMIZATION_LEVEL = "-Onone";
			};
			name = Debug;
		};
		39F399AC210971820028BC8D /* Release */ = {
			isa = XCBuildConfiguration;
			buildSettings = {
				ALWAYS_SEARCH_USER_PATHS = NO;
				CLANG_ANALYZER_NONNULL = YES;
				CLANG_ANALYZER_NUMBER_OBJECT_CONVERSION = YES_AGGRESSIVE;
				CLANG_CXX_LANGUAGE_STANDARD = "gnu++14";
				CLANG_CXX_LIBRARY = "libc++";
				CLANG_ENABLE_MODULES = YES;
				CLANG_ENABLE_OBJC_ARC = YES;
				CLANG_ENABLE_OBJC_WEAK = YES;
				CLANG_WARN_BLOCK_CAPTURE_AUTORELEASING = YES;
				CLANG_WARN_BOOL_CONVERSION = YES;
				CLANG_WARN_COMMA = YES;
				CLANG_WARN_CONSTANT_CONVERSION = YES;
				CLANG_WARN_DEPRECATED_OBJC_IMPLEMENTATIONS = YES;
				CLANG_WARN_DIRECT_OBJC_ISA_USAGE = YES_ERROR;
				CLANG_WARN_DOCUMENTATION_COMMENTS = YES;
				CLANG_WARN_EMPTY_BODY = YES;
				CLANG_WARN_ENUM_CONVERSION = YES;
				CLANG_WARN_INFINITE_RECURSION = YES;
				CLANG_WARN_INT_CONVERSION = YES;
				CLANG_WARN_NON_LITERAL_NULL_CONVERSION = YES;
				CLANG_WARN_OBJC_IMPLICIT_RETAIN_SELF = YES;
				CLANG_WARN_OBJC_LITERAL_CONVERSION = YES;
				CLANG_WARN_OBJC_ROOT_CLASS = YES_ERROR;
				CLANG_WARN_RANGE_LOOP_ANALYSIS = YES;
				CLANG_WARN_STRICT_PROTOTYPES = YES;
				CLANG_WARN_SUSPICIOUS_MOVE = YES;
				CLANG_WARN_UNGUARDED_AVAILABILITY = YES_AGGRESSIVE;
				CLANG_WARN_UNREACHABLE_CODE = YES;
				CLANG_WARN__DUPLICATE_METHOD_MATCH = YES;
				CODE_SIGN_IDENTITY = "iPhone Developer";
				COPY_PHASE_STRIP = NO;
				DEBUG_INFORMATION_FORMAT = "dwarf-with-dsym";
				ENABLE_NS_ASSERTIONS = NO;
				ENABLE_STRICT_OBJC_MSGSEND = YES;
				GCC_C_LANGUAGE_STANDARD = gnu11;
				GCC_NO_COMMON_BLOCKS = YES;
				GCC_WARN_64_TO_32_BIT_CONVERSION = YES;
				GCC_WARN_ABOUT_RETURN_TYPE = YES_ERROR;
				GCC_WARN_UNDECLARED_SELECTOR = YES;
				GCC_WARN_UNINITIALIZED_AUTOS = YES_AGGRESSIVE;
				GCC_WARN_UNUSED_FUNCTION = YES;
				GCC_WARN_UNUSED_VARIABLE = YES;
				IPHONEOS_DEPLOYMENT_TARGET = 11.4;
				MTL_ENABLE_DEBUG_INFO = NO;
				SDKROOT = iphoneos;
				SWIFT_COMPILATION_MODE = wholemodule;
				SWIFT_OPTIMIZATION_LEVEL = "-O";
				VALIDATE_PRODUCT = YES;
			};
			name = Release;
		};
		39F399AE210971820028BC8D /* Debug */ = {
			isa = XCBuildConfiguration;
			buildSettings = {
				ASSETCATALOG_COMPILER_APPICON_NAME = AppIcon;
				CODE_SIGN_STYLE = Automatic;
				DEVELOPMENT_TEAM = JRY88UZ7XG;
				INFOPLIST_FILE = "Timer App/Info.plist";
				LD_RUNPATH_SEARCH_PATHS = (
					"$(inherited)",
					"@executable_path/Frameworks",
				);
				PRODUCT_BUNDLE_IDENTIFIER = "com.platipus25.Timer-App";
				PRODUCT_NAME = "$(TARGET_NAME)";
				SWIFT_VERSION = 4.2;
				TARGETED_DEVICE_FAMILY = "1,2";
			};
			name = Debug;
		};
		39F399AF210971820028BC8D /* Release */ = {
			isa = XCBuildConfiguration;
			buildSettings = {
				ASSETCATALOG_COMPILER_APPICON_NAME = AppIcon;
				CODE_SIGN_STYLE = Automatic;
				DEVELOPMENT_TEAM = JRY88UZ7XG;
				INFOPLIST_FILE = "Timer App/Info.plist";
				LD_RUNPATH_SEARCH_PATHS = (
					"$(inherited)",
					"@executable_path/Frameworks",
				);
				PRODUCT_BUNDLE_IDENTIFIER = "com.platipus25.Timer-App";
				PRODUCT_NAME = "$(TARGET_NAME)";
				SWIFT_VERSION = 4.2;
				TARGETED_DEVICE_FAMILY = "1,2";
			};
			name = Release;
		};
		39F399B1210971820028BC8D /* Debug */ = {
			isa = XCBuildConfiguration;
			buildSettings = {
				ALWAYS_EMBED_SWIFT_STANDARD_LIBRARIES = YES;
				BUNDLE_LOADER = "$(TEST_HOST)";
				CODE_SIGN_STYLE = Automatic;
				INFOPLIST_FILE = "Timer AppTests/Info.plist";
				LD_RUNPATH_SEARCH_PATHS = (
					"$(inherited)",
					"@executable_path/Frameworks",
					"@loader_path/Frameworks",
				);
				PRODUCT_BUNDLE_IDENTIFIER = "com.platipus25.Timer-AppTests";
				PRODUCT_NAME = "$(TARGET_NAME)";
				SWIFT_VERSION = 4.2;
				TARGETED_DEVICE_FAMILY = "1,2";
				TEST_HOST = "$(BUILT_PRODUCTS_DIR)/Timer App.app/Timer App";
			};
			name = Debug;
		};
		39F399B2210971820028BC8D /* Release */ = {
			isa = XCBuildConfiguration;
			buildSettings = {
				ALWAYS_EMBED_SWIFT_STANDARD_LIBRARIES = YES;
				BUNDLE_LOADER = "$(TEST_HOST)";
				CODE_SIGN_STYLE = Automatic;
				INFOPLIST_FILE = "Timer AppTests/Info.plist";
				LD_RUNPATH_SEARCH_PATHS = (
					"$(inherited)",
					"@executable_path/Frameworks",
					"@loader_path/Frameworks",
				);
				PRODUCT_BUNDLE_IDENTIFIER = "com.platipus25.Timer-AppTests";
				PRODUCT_NAME = "$(TARGET_NAME)";
				SWIFT_VERSION = 4.2;
				TARGETED_DEVICE_FAMILY = "1,2";
				TEST_HOST = "$(BUILT_PRODUCTS_DIR)/Timer App.app/Timer App";
			};
			name = Release;
		};
/* End XCBuildConfiguration section */

/* Begin XCConfigurationList section */
		39F3998B2109717E0028BC8D /* Build configuration list for PBXProject "Timer App" */ = {
			isa = XCConfigurationList;
			buildConfigurations = (
				39F399AB210971820028BC8D /* Debug */,
				39F399AC210971820028BC8D /* Release */,
			);
			defaultConfigurationIsVisible = 0;
			defaultConfigurationName = Release;
		};
		39F399AD210971820028BC8D /* Build configuration list for PBXNativeTarget "Timer App" */ = {
			isa = XCConfigurationList;
			buildConfigurations = (
				39F399AE210971820028BC8D /* Debug */,
				39F399AF210971820028BC8D /* Release */,
			);
			defaultConfigurationIsVisible = 0;
			defaultConfigurationName = Release;
		};
		39F399B0210971820028BC8D /* Build configuration list for PBXNativeTarget "Timer AppTests" */ = {
			isa = XCConfigurationList;
			buildConfigurations = (
				39F399B1210971820028BC8D /* Debug */,
				39F399B2210971820028BC8D /* Release */,
			);
			defaultConfigurationIsVisible = 0;
			defaultConfigurationName = Release;
		};
/* End XCConfigurationList section */
	};
	rootObject = 39F399882109717E0028BC8D /* Project object */;
}
